
Microsoft Visual Studio Solution File, Format Version 12.00
# Visual Studio Version 17
VisualStudioVersion = 17.10.35027.167
MinimumVisualStudioVersion = 10.0.40219.1
Project("{FAE04EC0-301F-11D3-BF4B-00C04F79EFBC}") = "Дз", "Дз\Дз.csproj", "{8F2A4DFB-C277-43DE-98C2-E4D61112105B}"
EndProject
Global
	GlobalSection(SolutionConfigurationPlatforms) = preSolution
		Debug|Any CPU = Debug|Any CPU
		Release|Any CPU = Release|Any CPU
	EndGlobalSection
	GlobalSection(ProjectConfigurationPlatforms) = postSolution
		{8F2A4DFB-C277-43DE-98C2-E4D61112105B}.Debug|Any CPU.ActiveCfg = Debug|Any CPU
		{8F2A4DFB-C277-43DE-98C2-E4D61112105B}.Debug|Any CPU.Build.0 = Debug|Any CPU
		{8F2A4DFB-C277-43DE-98C2-E4D61112105B}.Release|Any CPU.ActiveCfg = Release|Any CPU
		{8F2A4DFB-C277-43DE-98C2-E4D61112105B}.Release|Any CPU.Build.0 = Release|Any CPU
	EndGlobalSection
	GlobalSection(SolutionProperties) = preSolution
		HideSolutionNode = FALSE
	EndGlobalSection
	GlobalSection(ExtensibilityGlobals) = postSolution
		SolutionGuid = {64298EEA-9B2F-4BD2-A0C2-3344E51589C6}
	EndGlobalSection
EndGlobal
